
Microsoft Visual Studio Solution File, Format Version 12.00
# Visual Studio Version 17
VisualStudioVersion = 17.10.34916.146
MinimumVisualStudioVersion = 10.0.40219.1
Project("{9A19103F-16F7-4668-BE54-9A1E7A4F7556}") = "FinalProjectMVC", "FinalProjectMVC.csproj", "{2DCE3D6F-C8B8-496C-8B0C-DD3EB13D834B}"
EndProject
Project("{2150E333-8FDC-42A3-9474-1A3956D46DE8}") = "Source", "Source", "{BA58F528-6240-4AC8-85A0-4B8A7F0CDFFD}"
EndProject
Project("{2150E333-8FDC-42A3-9474-1A3956D46DE8}") = "Core", "Core", "{E34AFDD7-CB2B-481B-A900-6F8F7F5771E5}"
EndProject
Project("{2150E333-8FDC-42A3-9474-1A3956D46DE8}") = "Infrastructure", "Infrastructure", "{52141CD3-D22B-4317-9DF1-D5331C461F6C}"
EndProject
Project("{2150E333-8FDC-42A3-9474-1A3956D46DE8}") = "Presentation", "Presentation", "{CCF4D4AB-9D0E-4D96-B2C9-92978323937B}"
EndProject
Project("{FAE04EC0-301F-11D3-BF4B-00C04F79EFBC}") = "Domain", "..\Domain\Domain.csproj", "{B340434A-F318-42BA-BF3D-536C99C250CF}"
EndProject
Project("{FAE04EC0-301F-11D3-BF4B-00C04F79EFBC}") = "Repositories", "..\Repositories\Repositories.csproj", "{76CBC9AB-1984-499D-97DB-771A12054DBF}"
EndProject
Project("{FAE04EC0-301F-11D3-BF4B-00C04F79EFBC}") = "Services", "..\Services\Services.csproj", "{C2E4027D-638F-4B4A-9E0F-483E1323F214}"
EndProject
Project("{FAE04EC0-301F-11D3-BF4B-00C04F79EFBC}") = "Persistence", "..\Persistence\Persistence.csproj", "{5AED6B82-AC60-45BE-9848-7AB0C84ADFCC}"
EndProject
Project("{FAE04EC0-301F-11D3-BF4B-00C04F79EFBC}") = "Services.Implementations", "..\Services.Implementations\Services.Implementations.csproj", "{F1D5799D-7ED2-4C59-81FF-5091AE59E823}"
EndProject
Global
	GlobalSection(SolutionConfigurationPlatforms) = preSolution
		Debug|Any CPU = Debug|Any CPU
		Release|Any CPU = Release|Any CPU
	EndGlobalSection
	GlobalSection(ProjectConfigurationPlatforms) = postSolution
		{2DCE3D6F-C8B8-496C-8B0C-DD3EB13D834B}.Debug|Any CPU.ActiveCfg = Debug|Any CPU
		{2DCE3D6F-C8B8-496C-8B0C-DD3EB13D834B}.Debug|Any CPU.Build.0 = Debug|Any CPU
		{2DCE3D6F-C8B8-496C-8B0C-DD3EB13D834B}.Release|Any CPU.ActiveCfg = Release|Any CPU
		{2DCE3D6F-C8B8-496C-8B0C-DD3EB13D834B}.Release|Any CPU.Build.0 = Release|Any CPU
		{B340434A-F318-42BA-BF3D-536C99C250CF}.Debug|Any CPU.ActiveCfg = Debug|Any CPU
		{B340434A-F318-42BA-BF3D-536C99C250CF}.Debug|Any CPU.Build.0 = Debug|Any CPU
		{B340434A-F318-42BA-BF3D-536C99C250CF}.Release|Any CPU.ActiveCfg = Release|Any CPU
		{B340434A-F318-42BA-BF3D-536C99C250CF}.Release|Any CPU.Build.0 = Release|Any CPU
		{76CBC9AB-1984-499D-97DB-771A12054DBF}.Debug|Any CPU.ActiveCfg = Debug|Any CPU
		{76CBC9AB-1984-499D-97DB-771A12054DBF}.Debug|Any CPU.Build.0 = Debug|Any CPU
		{76CBC9AB-1984-499D-97DB-771A12054DBF}.Release|Any CPU.ActiveCfg = Release|Any CPU
		{76CBC9AB-1984-499D-97DB-771A12054DBF}.Release|Any CPU.Build.0 = Release|Any CPU
		{C2E4027D-638F-4B4A-9E0F-483E1323F214}.Debug|Any CPU.ActiveCfg = Debug|Any CPU
		{C2E4027D-638F-4B4A-9E0F-483E1323F214}.Debug|Any CPU.Build.0 = Debug|Any CPU
		{C2E4027D-638F-4B4A-9E0F-483E1323F214}.Release|Any CPU.ActiveCfg = Release|Any CPU
		{C2E4027D-638F-4B4A-9E0F-483E1323F214}.Release|Any CPU.Build.0 = Release|Any CPU
		{5AED6B82-AC60-45BE-9848-7AB0C84ADFCC}.Debug|Any CPU.ActiveCfg = Debug|Any CPU
		{5AED6B82-AC60-45BE-9848-7AB0C84ADFCC}.Debug|Any CPU.Build.0 = Debug|Any CPU
		{5AED6B82-AC60-45BE-9848-7AB0C84ADFCC}.Release|Any CPU.ActiveCfg = Release|Any CPU
		{5AED6B82-AC60-45BE-9848-7AB0C84ADFCC}.Release|Any CPU.Build.0 = Release|Any CPU
		{F1D5799D-7ED2-4C59-81FF-5091AE59E823}.Debug|Any CPU.ActiveCfg = Debug|Any CPU
		{F1D5799D-7ED2-4C59-81FF-5091AE59E823}.Debug|Any CPU.Build.0 = Debug|Any CPU
		{F1D5799D-7ED2-4C59-81FF-5091AE59E823}.Release|Any CPU.ActiveCfg = Release|Any CPU
		{F1D5799D-7ED2-4C59-81FF-5091AE59E823}.Release|Any CPU.Build.0 = Release|Any CPU
	EndGlobalSection
	GlobalSection(SolutionProperties) = preSolution
		HideSolutionNode = FALSE
	EndGlobalSection
	GlobalSection(NestedProjects) = preSolution
		{2DCE3D6F-C8B8-496C-8B0C-DD3EB13D834B} = {CCF4D4AB-9D0E-4D96-B2C9-92978323937B}
		{E34AFDD7-CB2B-481B-A900-6F8F7F5771E5} = {BA58F528-6240-4AC8-85A0-4B8A7F0CDFFD}
		{52141CD3-D22B-4317-9DF1-D5331C461F6C} = {BA58F528-6240-4AC8-85A0-4B8A7F0CDFFD}
		{CCF4D4AB-9D0E-4D96-B2C9-92978323937B} = {BA58F528-6240-4AC8-85A0-4B8A7F0CDFFD}
		{B340434A-F318-42BA-BF3D-536C99C250CF} = {E34AFDD7-CB2B-481B-A900-6F8F7F5771E5}
		{76CBC9AB-1984-499D-97DB-771A12054DBF} = {E34AFDD7-CB2B-481B-A900-6F8F7F5771E5}
		{C2E4027D-638F-4B4A-9E0F-483E1323F214} = {E34AFDD7-CB2B-481B-A900-6F8F7F5771E5}
		{5AED6B82-AC60-45BE-9848-7AB0C84ADFCC} = {52141CD3-D22B-4317-9DF1-D5331C461F6C}
		{F1D5799D-7ED2-4C59-81FF-5091AE59E823} = {E34AFDD7-CB2B-481B-A900-6F8F7F5771E5}
	EndGlobalSection
	GlobalSection(ExtensibilityGlobals) = postSolution
		SolutionGuid = {B0AE3839-4904-49B5-BC5A-634F997D7970}
	EndGlobalSection
EndGlobal
